// !$*UTF8*$!
{
	archiveVersion = 1;
	classes = {
	};
	objectVersion = 50;
	objects = {

/* Begin PBXBuildFile section */
		4510F2102110C2C300A05DD2 /* AppDelegate.m in Sources */ = {isa = PBXBuildFile; fileRef = 4510F20F2110C2C300A05DD2 /* AppDelegate.m */; };
		4510F2132110C2C300A05DD2 /* ViewController.m in Sources */ = {isa = PBXBuildFile; fileRef = 4510F2122110C2C300A05DD2 /* ViewController.m */; };
		4510F2162110C2C300A05DD2 /* Main.storyboard in Resources */ = {isa = PBXBuildFile; fileRef = 4510F2142110C2C300A05DD2 /* Main.storyboard */; };
		4510F2182110C2C400A05DD2 /* Assets.xcassets in Resources */ = {isa = PBXBuildFile; fileRef = 4510F2172110C2C400A05DD2 /* Assets.xcassets */; };
		4510F21B2110C2C400A05DD2 /* LaunchScreen.storyboard in Resources */ = {isa = PBXBuildFile; fileRef = 4510F2192110C2C400A05DD2 /* LaunchScreen.storyboard */; };
		4510F21E2110C2C400A05DD2 /* main.m in Sources */ = {isa = PBXBuildFile; fileRef = 4510F21D2110C2C400A05DD2 /* main.m */; };
/* End PBXBuildFile section */

/* Begin PBXFileReference section */
		4510F20B2110C2C300A05DD2 /* login_client_ios_1.app */ = {isa = PBXFileReference; explicitFileType = wrapper.application; includeInIndex = 0; path = login_client_ios_1.app; sourceTree = BUILT_PRODUCTS_DIR; };
		4510F20E2110C2C300A05DD2 /* AppDelegate.h */ = {isa = PBXFileReference; lastKnownFileType = sourcecode.c.h; path = AppDelegate.h; sourceTree = "<group>"; };
		4510F20F2110C2C300A05DD2 /* AppDelegate.m */ = {isa = PBXFileReference; lastKnownFileType = sourcecode.c.objc; path = AppDelegate.m; sourceTree = "<group>"; };
		4510F2112110C2C300A05DD2 /* ViewController.h */ = {isa = PBXFileReference; lastKnownFileType = sourcecode.c.h; path = ViewController.h; sourceTree = "<group>"; };
		4510F2122110C2C300A05DD2 /* ViewController.m */ = {isa = PBXFileReference; lastKnownFileType = sourcecode.c.objc; path = ViewController.m; sourceTree = "<group>"; };
		4510F2152110C2C300A05DD2 /* Base */ = {isa = PBXFileReference; lastKnownFileType = file.storyboard; name = Base; path = Base.lproj/Main.storyboard; sourceTree = "<group>"; };
		4510F2172110C2C400A05DD2 /* Assets.xcassets */ = {isa = PBXFileReference; lastKnownFileType = folder.assetcatalog; path = Assets.xcassets; sourceTree = "<group>"; };
		4510F21A2110C2C400A05DD2 /* Base */ = {isa = PBXFileReference; lastKnownFileType = file.storyboard; name = Base; path = Base.lproj/LaunchScreen.storyboard; sourceTree = "<group>"; };
		4510F21C2110C2C400A05DD2 /* Info.plist */ = {isa = PBXFileReference; lastKnownFileType = text.plist.xml; path = Info.plist; sourceTree = "<group>"; };
		4510F21D2110C2C400A05DD2 /* main.m */ = {isa = PBXFileReference; lastKnownFileType = sourcecode.c.objc; path = main.m; sourceTree = "<group>"; };
/* End PBXFileReference section */

/* Begin PBXFrameworksBuildPhase section */
		4510F2082110C2C300A05DD2 /* Frameworks */ = {
			isa = PBXFrameworksBuildPhase;
			buildActionMask = 2147483647;
			files = (
			);
			runOnlyForDeploymentPostprocessing = 0;
		};
/* End PBXFrameworksBuildPhase section */

/* Begin PBXGroup section */
		4510F2022110C2C300A05DD2 = {
			isa = PBXGroup;
			children = (
				4510F20D2110C2C300A05DD2 /* login_client_ios_1 */,
				4510F20C2110C2C300A05DD2 /* Products */,
			);
			sourceTree = "<group>";
		};
		4510F20C2110C2C300A05DD2 /* Products */ = {
			isa = PBXGroup;
			children = (
				4510F20B2110C2C300A05DD2 /* login_client_ios_1.app */,
			);
			name = Products;
			sourceTree = "<group>";
		};
		4510F20D2110C2C300A05DD2 /* login_client_ios_1 */ = {
			isa = PBXGroup;
			children = (
				4510F20E2110C2C300A05DD2 /* AppDelegate.h */,
				4510F20F2110C2C300A05DD2 /* AppDelegate.m */,
				4510F2112110C2C300A05DD2 /* ViewController.h */,
				4510F2122110C2C300A05DD2 /* ViewController.m */,
				4510F2142110C2C300A05DD2 /* Main.storyboard */,
				4510F2172110C2C400A05DD2 /* Assets.xcassets */,
				4510F2192110C2C400A05DD2 /* LaunchScreen.storyboard */,
				4510F21C2110C2C400A05DD2 /* Info.plist */,
				4510F21D2110C2C400A05DD2 /* main.m */,
			);
			path = login_client_ios_1;
			sourceTree = "<group>";
		};
/* End PBXGroup section */

/* Begin PBXNativeTarget section */
		4510F20A2110C2C300A05DD2 /* login_client_ios_1 */ = {
			isa = PBXNativeTarget;
			buildConfigurationList = 4510F2212110C2C400A05DD2 /* Build configuration list for PBXNativeTarget "login_client_ios_1" */;
			buildPhases = (
				4510F2072110C2C300A05DD2 /* Sources */,
				4510F2082110C2C300A05DD2 /* Frameworks */,
				4510F2092110C2C300A05DD2 /* Resources */,
			);
			buildRules = (
			);
			dependencies = (
			);
			name = login_client_ios_1;
			productName = login_client_ios_1;
			productReference = 4510F20B2110C2C300A05DD2 /* login_client_ios_1.app */;
			productType = "com.apple.product-type.application";
		};
/* End PBXNativeTarget section */

/* Begin PBXProject section */
		4510F2032110C2C300A05DD2 /* Project object */ = {
			isa = PBXProject;
			attributes = {
				LastUpgradeCheck = 0940;
				ORGANIZATIONNAME = "jingwei cai";
				TargetAttributes = {
					4510F20A2110C2C300A05DD2 = {
						CreatedOnToolsVersion = 9.4.1;
					};
				};
			};
			buildConfigurationList = 4510F2062110C2C300A05DD2 /* Build configuration list for PBXProject "login_client_ios_1" */;
			compatibilityVersion = "Xcode 9.3";
			developmentRegion = en;
			hasScannedForEncodings = 0;
			knownRegions = (
				en,
				Base,
			);
			mainGroup = 4510F2022110C2C300A05DD2;
			productRefGroup = 4510F20C2110C2C300A05DD2 /* Products */;
			projectDirPath = "";
			projectRoot = "";
			targets = (
				4510F20A2110C2C300A05DD2 /* login_client_ios_1 */,
			);
		};
/* End PBXProject section */

/* Begin PBXResourcesBuildPhase section */
		4510F2092110C2C300A05DD2 /* Resources */ = {
			isa = PBXResourcesBuildPhase;
			buildActionMask = 2147483647;
			files = (
				4510F21B2110C2C400A05DD2 /* LaunchScreen.storyboard in Resources */,
				4510F2182110C2C400A05DD2 /* Assets.xcassets in Resources */,
				4510F2162110C2C300A05DD2 /* Main.storyboard in Resources */,
			);
			runOnlyForDeploymentPostprocessing = 0;
		};
/* End PBXResourcesBuildPhase section */

/* Begin PBXSourcesBuildPhase section */
		4510F2072110C2C300A05DD2 /* Sources */ = {
			isa = PBXSourcesBuildPhase;
			buildActionMask = 2147483647;
			files = (
				4510F2132110C2C300A05DD2 /* ViewController.m in Sources */,
				4510F21E2110C2C400A05DD2 /* main.m in Sources */,
				4510F2102110C2C300A05DD2 /* AppDelegate.m in Sources */,
			);
			runOnlyForDeploymentPostprocessing = 0;
		};
/* End PBXSourcesBuildPhase section */

/* Begin PBXVariantGroup section */
		4510F2142110C2C300A05DD2 /* Main.storyboard */ = {
			isa = PBXVariantGroup;
			children = (
				4510F2152110C2C300A05DD2 /* Base */,
			);
			name = Main.storyboard;
			sourceTree = "<group>";
		};
		4510F2192110C2C400A05DD2 /* LaunchScreen.storyboard */ = {
			isa = PBXVariantGroup;
			children = (
				4510F21A2110C2C400A05DD2 /* Base */,
			);
			name = LaunchScreen.storyboard;
			sourceTree = "<group>";
		};
/* End PBXVariantGroup section */

/* Begin XCBuildConfiguration section */
		4510F21F2110C2C400A05DD2 /* Debug */ = {
			isa = XCBuildConfiguration;
			buildSettings = {
				ALWAYS_SEARCH_USER_PATHS = NO;
				CLANG_ANALYZER_NONNULL = YES;
				CLANG_ANALYZER_NUMBER_OBJECT_CONVERSION = YES_AGGRESSIVE;
				CLANG_CXX_LANGUAGE_STANDARD = "gnu++14";
				CLANG_CXX_LIBRARY = "libc++";
				CLANG_ENABLE_MODULES = YES;
				CLANG_ENABLE_OBJC_ARC = YES;
				CLANG_ENABLE_OBJC_WEAK = YES;
				CLANG_WARN_BLOCK_CAPTURE_AUTORELEASING = YES;
				CLANG_WARN_BOOL_CONVERSION = YES;
				CLANG_WARN_COMMA = YES;
				CLANG_WARN_CONSTANT_CONVERSION = YES;
				CLANG_WARN_DEPRECATED_OBJC_IMPLEMENTATIONS = YES;
				CLANG_WARN_DIRECT_OBJC_ISA_USAGE = YES_ERROR;
				CLANG_WARN_DOCUMENTATION_COMMENTS = YES;
				CLANG_WARN_EMPTY_BODY = YES;
				CLANG_WARN_ENUM_CONVERSION = YES;
				CLANG_WARN_INFINITE_RECURSION = YES;
				CLANG_WARN_INT_CONVERSION = YES;
				CLANG_WARN_NON_LITERAL_NULL_CONVERSION = YES;
				CLANG_WARN_OBJC_IMPLICIT_RETAIN_SELF = YES;
				CLANG_WARN_OBJC_LITERAL_CONVERSION = YES;
				CLANG_WARN_OBJC_ROOT_CLASS = YES_ERROR;
				CLANG_WARN_RANGE_LOOP_ANALYSIS = YES;
				CLANG_WARN_STRICT_PROTOTYPES = YES;
				CLANG_WARN_SUSPICIOUS_MOVE = YES;
				CLANG_WARN_UNGUARDED_AVAILABILITY = YES_AGGRESSIVE;
				CLANG_WARN_UNREACHABLE_CODE = YES;
				CLANG_WARN__DUPLICATE_METHOD_MATCH = YES;
				CODE_SIGN_IDENTITY = "iPhone Developer";
				COPY_PHASE_STRIP = NO;
				DEBUG_INFORMATION_FORMAT = dwarf;
				ENABLE_STRICT_OBJC_MSGSEND = YES;
				ENABLE_TESTABILITY = YES;
				GCC_C_LANGUAGE_STANDARD = gnu11;
				GCC_DYNAMIC_NO_PIC = NO;
				GCC_NO_COMMON_BLOCKS = YES;
				GCC_OPTIMIZATION_LEVEL = 0;
				GCC_PREPROCESSOR_DEFINITIONS = (
					"DEBUG=1",
					"$(inherited)",
				);
				GCC_WARN_64_TO_32_BIT_CONVERSION = YES;
				GCC_WARN_ABOUT_RETURN_TYPE = YES_ERROR;
				GCC_WARN_UNDECLARED_SELECTOR = YES;
				GCC_WARN_UNINITIALIZED_AUTOS = YES_AGGRESSIVE;
				GCC_WARN_UNUSED_FUNCTION = YES;
				GCC_WARN_UNUSED_VARIABLE = YES;
				IPHONEOS_DEPLOYMENT_TARGET = 11.4;
				MTL_ENABLE_DEBUG_INFO = YES;
				ONLY_ACTIVE_ARCH = YES;
				SDKROOT = iphoneos;
			};
			name = Debug;
		};
		4510F2202110C2C400A05DD2 /* Release */ = {
			isa = XCBuildConfiguration;
			buildSettings = {
				ALWAYS_SEARCH_USER_PATHS = NO;
				CLANG_ANALYZER_NONNULL = YES;
				CLANG_ANALYZER_NUMBER_OBJECT_CONVERSION = YES_AGGRESSIVE;
				CLANG_CXX_LANGUAGE_STANDARD = "gnu++14";
				CLANG_CXX_LIBRARY = "libc++";
				CLANG_ENABLE_MODULES = YES;
				CLANG_ENABLE_OBJC_ARC = YES;
				CLANG_ENABLE_OBJC_WEAK = YES;
				CLANG_WARN_BLOCK_CAPTURE_AUTORELEASING = YES;
				CLANG_WARN_BOOL_CONVERSION = YES;
				CLANG_WARN_COMMA = YES;
				CLANG_WARN_CONSTANT_CONVERSION = YES;
				CLANG_WARN_DEPRECATED_OBJC_IMPLEMENTATIONS = YES;
				CLANG_WARN_DIRECT_OBJC_ISA_USAGE = YES_ERROR;
				CLANG_WARN_DOCUMENTATION_COMMENTS = YES;
				CLANG_WARN_EMPTY_BODY = YES;
				CLANG_WARN_ENUM_CONVERSION = YES;
				CLANG_WARN_INFINITE_RECURSION = YES;
				CLANG_WARN_INT_CONVERSION = YES;
				CLANG_WARN_NON_LITERAL_NULL_CONVERSION = YES;
				CLANG_WARN_OBJC_IMPLICIT_RETAIN_SELF = YES;
				CLANG_WARN_OBJC_LITERAL_CONVERSION = YES;
				CLANG_WARN_OBJC_ROOT_CLASS = YES_ERROR;
				CLANG_WARN_RANGE_LOOP_ANALYSIS = YES;
				CLANG_WARN_STRICT_PROTOTYPES = YES;
				CLANG_WARN_SUSPICIOUS_MOVE = YES;
				CLANG_WARN_UNGUARDED_AVAILABILITY = YES_AGGRESSIVE;
				CLANG_WARN_UNREACHABLE_CODE = YES;
				CLANG_WARN__DUPLICATE_METHOD_MATCH = YES;
				CODE_SIGN_IDENTITY = "iPhone Developer";
				COPY_PHASE_STRIP = NO;
				DEBUG_INFORMATION_FORMAT = "dwarf-with-dsym";
				ENABLE_NS_ASSERTIONS = NO;
				ENABLE_STRICT_OBJC_MSGSEND = YES;
				GCC_C_LANGUAGE_STANDARD = gnu11;
				GCC_NO_COMMON_BLOCKS = YES;
				GCC_WARN_64_TO_32_BIT_CONVERSION = YES;
				GCC_WARN_ABOUT_RETURN_TYPE = YES_ERROR;
				GCC_WARN_UNDECLARED_SELECTOR = YES;
				GCC_WARN_UNINITIALIZED_AUTOS = YES_AGGRESSIVE;
				GCC_WARN_UNUSED_FUNCTION = YES;
				GCC_WARN_UNUSED_VARIABLE = YES;
				IPHONEOS_DEPLOYMENT_TARGET = 11.4;
				MTL_ENABLE_DEBUG_INFO = NO;
				SDKROOT = iphoneos;
				VALIDATE_PRODUCT = YES;
			};
			name = Release;
		};
		4510F2222110C2C400A05DD2 /* Debug */ = {
			isa = XCBuildConfiguration;
			buildSettings = {
				ASSETCATALOG_COMPILER_APPICON_NAME = AppIcon;
				CODE_SIGN_STYLE = Automatic;
				INFOPLIST_FILE = login_client_ios_1/Info.plist;
				LD_RUNPATH_SEARCH_PATHS = (
					"$(inherited)",
					"@executable_path/Frameworks",
				);
				PRODUCT_BUNDLE_IDENTIFIER = "jingwei-cai.login-client-ios-1";
				PRODUCT_NAME = "$(TARGET_NAME)";
				TARGETED_DEVICE_FAMILY = "1,2";
			};
			name = Debug;
		};
		4510F2232110C2C400A05DD2 /* Release */ = {
			isa = XCBuildConfiguration;
			buildSettings = {
				ASSETCATALOG_COMPILER_APPICON_NAME = AppIcon;
				CODE_SIGN_STYLE = Automatic;
				INFOPLIST_FILE = login_client_ios_1/Info.plist;
				LD_RUNPATH_SEARCH_PATHS = (
					"$(inherited)",
					"@executable_path/Frameworks",
				);
				PRODUCT_BUNDLE_IDENTIFIER = "jingwei-cai.login-client-ios-1";
				PRODUCT_NAME = "$(TARGET_NAME)";
				TARGETED_DEVICE_FAMILY = "1,2";
			};
			name = Release;
		};
/* End XCBuildConfiguration section */

/* Begin XCConfigurationList section */
		4510F2062110C2C300A05DD2 /* Build configuration list for PBXProject "login_client_ios_1" */ = {
			isa = XCConfigurationList;
			buildConfigurations = (
				4510F21F2110C2C400A05DD2 /* Debug */,
				4510F2202110C2C400A05DD2 /* Release */,
			);
			defaultConfigurationIsVisible = 0;
			defaultConfigurationName = Release;
		};
		4510F2212110C2C400A05DD2 /* Build configuration list for PBXNativeTarget "login_client_ios_1" */ = {
			isa = XCConfigurationList;
			buildConfigurations = (
				4510F2222110C2C400A05DD2 /* Debug */,
				4510F2232110C2C400A05DD2 /* Release */,
			);
			defaultConfigurationIsVisible = 0;
			defaultConfigurationName = Release;
		};
/* End XCConfigurationList section */
	};
	rootObject = 4510F2032110C2C300A05DD2 /* Project object */;
}
