// !$*UTF8*$!
{
	archiveVersion = 1;
	classes = {
	};
	objectVersion = 50;
	objects = {

/* Begin PBXBuildFile section */
		30E5E04435C69AED85CE83DA /* libPods-login_client_ios.a in Frameworks */ = {isa = PBXBuildFile; fileRef = 4EFB8BF08261A251F4FC3DF4 /* libPods-login_client_ios.a */; };
		45B2894B21089D2600439499 /* AppDelegate.m in Sources */ = {isa = PBXBuildFile; fileRef = 45B2894A21089D2600439499 /* AppDelegate.m */; };
		45B2894E21089D2600439499 /* ViewController.m in Sources */ = {isa = PBXBuildFile; fileRef = 45B2894D21089D2600439499 /* ViewController.m */; };
		45B2895121089D2600439499 /* Main.storyboard in Resources */ = {isa = PBXBuildFile; fileRef = 45B2894F21089D2600439499 /* Main.storyboard */; };
		45B2895321089D2800439499 /* Assets.xcassets in Resources */ = {isa = PBXBuildFile; fileRef = 45B2895221089D2800439499 /* Assets.xcassets */; };
		45B2895621089D2800439499 /* LaunchScreen.storyboard in Resources */ = {isa = PBXBuildFile; fileRef = 45B2895421089D2800439499 /* LaunchScreen.storyboard */; };
		45B2896621089DC900439499 /* main.mm in Sources */ = {isa = PBXBuildFile; fileRef = 45B2895F21089DC800439499 /* main.mm */; };
		45B2896721089DC900439499 /* RegisterVCViewController.m in Sources */ = {isa = PBXBuildFile; fileRef = 45B2896121089DC800439499 /* RegisterVCViewController.m */; };
		45B2896821089DC900439499 /* LoginVCViewController.m in Sources */ = {isa = PBXBuildFile; fileRef = 45B2896321089DC900439499 /* LoginVCViewController.m */; };
		45B2896921089DC900439499 /* XLBasePageController.m in Sources */ = {isa = PBXBuildFile; fileRef = 45B2896421089DC900439499 /* XLBasePageController.m */; };
		45B289842108A00200439499 /* main.m in Sources */ = {isa = PBXBuildFile; fileRef = 45B289832108A00200439499 /* main.m */; };
		45B2898A2108A09700439499 /* crypto_impl.cpp in Sources */ = {isa = PBXBuildFile; fileRef = 45B289892108A09700439499 /* crypto_impl.cpp */; };
		45B2898D2108A8C100439499 /* crypto_impl.cpp in Sources */ = {isa = PBXBuildFile; fileRef = 45B289892108A09700439499 /* crypto_impl.cpp */; };
		45D376452110AA9500AC0EF0 /* DJIProxyCaches.mm in Sources */ = {isa = PBXBuildFile; fileRef = 45D3763F2110AA9500AC0EF0 /* DJIProxyCaches.mm */; };
		45D376462110AA9500AC0EF0 /* DJIError.mm in Sources */ = {isa = PBXBuildFile; fileRef = 45D376402110AA9500AC0EF0 /* DJIError.mm */; };
		45D3764A2110AAB300AC0EF0 /* LSSCrypto+Private.mm in Sources */ = {isa = PBXBuildFile; fileRef = 45D376492110AAB300AC0EF0 /* LSSCrypto+Private.mm */; };
/* End PBXBuildFile section */

/* Begin PBXCopyFilesBuildPhase section */
		45B2897F2108A00200439499 /* CopyFiles */ = {
			isa = PBXCopyFilesBuildPhase;
			buildActionMask = 2147483647;
			dstPath = /usr/share/man/man1/;
			dstSubfolderSpec = 0;
			files = (
			);
			runOnlyForDeploymentPostprocessing = 1;
		};
/* End PBXCopyFilesBuildPhase section */

/* Begin PBXFileReference section */
		10B52CE468E7095516F94C19 /* Pods-login_client_ios.release.xcconfig */ = {isa = PBXFileReference; includeInIndex = 1; lastKnownFileType = text.xcconfig; name = "Pods-login_client_ios.release.xcconfig"; path = "Pods/Target Support Files/Pods-login_client_ios/Pods-login_client_ios.release.xcconfig"; sourceTree = "<group>"; };
		45B2894621089D2600439499 /* login_client_ios.app */ = {isa = PBXFileReference; explicitFileType = wrapper.application; includeInIndex = 0; path = login_client_ios.app; sourceTree = BUILT_PRODUCTS_DIR; };
		45B2894921089D2600439499 /* AppDelegate.h */ = {isa = PBXFileReference; lastKnownFileType = sourcecode.c.h; path = AppDelegate.h; sourceTree = "<group>"; };
		45B2894A21089D2600439499 /* AppDelegate.m */ = {isa = PBXFileReference; lastKnownFileType = sourcecode.c.objc; path = AppDelegate.m; sourceTree = "<group>"; };
		45B2894C21089D2600439499 /* ViewController.h */ = {isa = PBXFileReference; lastKnownFileType = sourcecode.c.h; path = ViewController.h; sourceTree = "<group>"; };
		45B2894D21089D2600439499 /* ViewController.m */ = {isa = PBXFileReference; lastKnownFileType = sourcecode.c.objc; path = ViewController.m; sourceTree = "<group>"; };
		45B2895021089D2600439499 /* Base */ = {isa = PBXFileReference; lastKnownFileType = file.storyboard; name = Base; path = Base.lproj/Main.storyboard; sourceTree = "<group>"; };
		45B2895221089D2800439499 /* Assets.xcassets */ = {isa = PBXFileReference; lastKnownFileType = folder.assetcatalog; path = Assets.xcassets; sourceTree = "<group>"; };
		45B2895521089D2800439499 /* Base */ = {isa = PBXFileReference; lastKnownFileType = file.storyboard; name = Base; path = Base.lproj/LaunchScreen.storyboard; sourceTree = "<group>"; };
		45B2895721089D2800439499 /* Info.plist */ = {isa = PBXFileReference; lastKnownFileType = text.plist.xml; path = Info.plist; sourceTree = "<group>"; };
		45B2895F21089DC800439499 /* main.mm */ = {isa = PBXFileReference; fileEncoding = 4; lastKnownFileType = sourcecode.cpp.objcpp; path = main.mm; sourceTree = "<group>"; };
		45B2896021089DC800439499 /* RegisterVCViewController.h */ = {isa = PBXFileReference; fileEncoding = 4; lastKnownFileType = sourcecode.c.h; path = RegisterVCViewController.h; sourceTree = "<group>"; };
		45B2896121089DC800439499 /* RegisterVCViewController.m */ = {isa = PBXFileReference; fileEncoding = 4; lastKnownFileType = sourcecode.c.objc; path = RegisterVCViewController.m; sourceTree = "<group>"; };
		45B2896221089DC900439499 /* LoginVCViewController.h */ = {isa = PBXFileReference; fileEncoding = 4; lastKnownFileType = sourcecode.c.h; path = LoginVCViewController.h; sourceTree = "<group>"; };
		45B2896321089DC900439499 /* LoginVCViewController.m */ = {isa = PBXFileReference; fileEncoding = 4; lastKnownFileType = sourcecode.c.objc; path = LoginVCViewController.m; sourceTree = "<group>"; };
		45B2896421089DC900439499 /* XLBasePageController.m */ = {isa = PBXFileReference; fileEncoding = 4; lastKnownFileType = sourcecode.c.objc; path = XLBasePageController.m; sourceTree = "<group>"; };
		45B2896521089DC900439499 /* XLBasePageController.h */ = {isa = PBXFileReference; fileEncoding = 4; lastKnownFileType = sourcecode.c.h; path = XLBasePageController.h; sourceTree = "<group>"; };
		45B289812108A00200439499 /* login_client_cpp */ = {isa = PBXFileReference; explicitFileType = "compiled.mach-o.executable"; includeInIndex = 0; path = login_client_cpp; sourceTree = BUILT_PRODUCTS_DIR; };
		45B289832108A00200439499 /* main.m */ = {isa = PBXFileReference; lastKnownFileType = sourcecode.c.objc; path = main.m; sourceTree = "<group>"; };
		45B289882108A09700439499 /* crypto_impl.hpp */ = {isa = PBXFileReference; fileEncoding = 4; lastKnownFileType = sourcecode.cpp.h; name = crypto_impl.hpp; path = ../../src/crypto_impl.hpp; sourceTree = "<group>"; };
		45B289892108A09700439499 /* crypto_impl.cpp */ = {isa = PBXFileReference; fileEncoding = 4; lastKnownFileType = sourcecode.cpp.cpp; name = crypto_impl.cpp; path = ../../src/crypto_impl.cpp; sourceTree = "<group>"; };
		45B2898B2108A0A200439499 /* crypto.hpp */ = {isa = PBXFileReference; fileEncoding = 4; lastKnownFileType = sourcecode.cpp.h; name = crypto.hpp; path = "../../djinni/generated-src/cpp/crypto.hpp"; sourceTree = "<group>"; };
		45D3763F2110AA9500AC0EF0 /* DJIProxyCaches.mm */ = {isa = PBXFileReference; fileEncoding = 4; lastKnownFileType = sourcecode.cpp.objcpp; name = DJIProxyCaches.mm; path = "../../../deps/djinni/support-lib/objc/DJIProxyCaches.mm"; sourceTree = "<group>"; };
		45D376402110AA9500AC0EF0 /* DJIError.mm */ = {isa = PBXFileReference; fileEncoding = 4; lastKnownFileType = sourcecode.cpp.objcpp; name = DJIError.mm; path = "../../../deps/djinni/support-lib/objc/DJIError.mm"; sourceTree = "<group>"; };
		45D376412110AA9500AC0EF0 /* DJIError.h */ = {isa = PBXFileReference; fileEncoding = 4; lastKnownFileType = sourcecode.c.h; name = DJIError.h; path = "../../../deps/djinni/support-lib/objc/DJIError.h"; sourceTree = "<group>"; };
		45D376422110AA9500AC0EF0 /* DJICppWrapperCache+Private.h */ = {isa = PBXFileReference; fileEncoding = 4; lastKnownFileType = sourcecode.c.h; name = "DJICppWrapperCache+Private.h"; path = "../../../deps/djinni/support-lib/objc/DJICppWrapperCache+Private.h"; sourceTree = "<group>"; };
		45D376432110AA9500AC0EF0 /* DJIMarshal+Private.h */ = {isa = PBXFileReference; fileEncoding = 4; lastKnownFileType = sourcecode.c.h; name = "DJIMarshal+Private.h"; path = "../../../deps/djinni/support-lib/objc/DJIMarshal+Private.h"; sourceTree = "<group>"; };
		45D376442110AA9500AC0EF0 /* DJIObjcWrapperCache+Private.h */ = {isa = PBXFileReference; fileEncoding = 4; lastKnownFileType = sourcecode.c.h; name = "DJIObjcWrapperCache+Private.h"; path = "../../../deps/djinni/support-lib/objc/DJIObjcWrapperCache+Private.h"; sourceTree = "<group>"; };
		45D376472110AAB300AC0EF0 /* LSSCrypto+Private.h */ = {isa = PBXFileReference; fileEncoding = 4; lastKnownFileType = sourcecode.c.h; name = "LSSCrypto+Private.h"; path = "../../../djinni/generated-src/objc/LSSCrypto+Private.h"; sourceTree = "<group>"; };
		45D376482110AAB300AC0EF0 /* LSSCrypto.h */ = {isa = PBXFileReference; fileEncoding = 4; lastKnownFileType = sourcecode.c.h; name = LSSCrypto.h; path = "../../../djinni/generated-src/objc/LSSCrypto.h"; sourceTree = "<group>"; };
		45D376492110AAB300AC0EF0 /* LSSCrypto+Private.mm */ = {isa = PBXFileReference; fileEncoding = 4; lastKnownFileType = sourcecode.cpp.objcpp; name = "LSSCrypto+Private.mm"; path = "../../../djinni/generated-src/objc/LSSCrypto+Private.mm"; sourceTree = "<group>"; };
		4EFB8BF08261A251F4FC3DF4 /* libPods-login_client_ios.a */ = {isa = PBXFileReference; explicitFileType = archive.ar; includeInIndex = 0; path = "libPods-login_client_ios.a"; sourceTree = BUILT_PRODUCTS_DIR; };
		C4568021E1594E0C76EDDC6E /* Pods-login_client_ios.debug.xcconfig */ = {isa = PBXFileReference; includeInIndex = 1; lastKnownFileType = text.xcconfig; name = "Pods-login_client_ios.debug.xcconfig"; path = "Pods/Target Support Files/Pods-login_client_ios/Pods-login_client_ios.debug.xcconfig"; sourceTree = "<group>"; };
/* End PBXFileReference section */

/* Begin PBXFrameworksBuildPhase section */
		45B2894321089D2600439499 /* Frameworks */ = {
			isa = PBXFrameworksBuildPhase;
			buildActionMask = 2147483647;
			files = (
				30E5E04435C69AED85CE83DA /* libPods-login_client_ios.a in Frameworks */,
			);
			runOnlyForDeploymentPostprocessing = 0;
		};
		45B2897E2108A00200439499 /* Frameworks */ = {
			isa = PBXFrameworksBuildPhase;
			buildActionMask = 2147483647;
			files = (
			);
			runOnlyForDeploymentPostprocessing = 0;
		};
/* End PBXFrameworksBuildPhase section */

/* Begin PBXGroup section */
		459BCC4B2110A5E300088BC4 /* Bridge */ = {
			isa = PBXGroup;
			children = (
				45D376482110AAB300AC0EF0 /* LSSCrypto.h */,
				45D376472110AAB300AC0EF0 /* LSSCrypto+Private.h */,
				45D376492110AAB300AC0EF0 /* LSSCrypto+Private.mm */,
			);
			path = Bridge;
			sourceTree = "<group>";
		};
		459BCC5C2110A70700088BC4 /* Djinni */ = {
			isa = PBXGroup;
			children = (
				45D376422110AA9500AC0EF0 /* DJICppWrapperCache+Private.h */,
				45D376412110AA9500AC0EF0 /* DJIError.h */,
				45D376402110AA9500AC0EF0 /* DJIError.mm */,
				45D376432110AA9500AC0EF0 /* DJIMarshal+Private.h */,
				45D376442110AA9500AC0EF0 /* DJIObjcWrapperCache+Private.h */,
				45D3763F2110AA9500AC0EF0 /* DJIProxyCaches.mm */,
			);
			path = Djinni;
			sourceTree = "<group>";
		};
		45B2893D21089D2600439499 = {
			isa = PBXGroup;
			children = (
				45B2894821089D2600439499 /* login_client_ios */,
				45B289822108A00200439499 /* login_client_cpp */,
				45B2894721089D2600439499 /* Products */,
				60AC6DAE60AE9F11169CDEE7 /* Pods */,
				FC59AF5686DE153D00AC3C7E /* Frameworks */,
			);
			sourceTree = "<group>";
		};
		45B2894721089D2600439499 /* Products */ = {
			isa = PBXGroup;
			children = (
				45B2894621089D2600439499 /* login_client_ios.app */,
				45B289812108A00200439499 /* login_client_cpp */,
			);
			name = Products;
			sourceTree = "<group>";
		};
		45B2894821089D2600439499 /* login_client_ios */ = {
			isa = PBXGroup;
			children = (
				459BCC5C2110A70700088BC4 /* Djinni */,
				459BCC4B2110A5E300088BC4 /* Bridge */,
				45B2896221089DC900439499 /* LoginVCViewController.h */,
				45B2896321089DC900439499 /* LoginVCViewController.m */,
				45B2895F21089DC800439499 /* main.mm */,
				45B2896021089DC800439499 /* RegisterVCViewController.h */,
				45B2896121089DC800439499 /* RegisterVCViewController.m */,
				45B2896521089DC900439499 /* XLBasePageController.h */,
				45B2896421089DC900439499 /* XLBasePageController.m */,
				45B2894921089D2600439499 /* AppDelegate.h */,
				45B2894A21089D2600439499 /* AppDelegate.m */,
				45B2894C21089D2600439499 /* ViewController.h */,
				45B2894D21089D2600439499 /* ViewController.m */,
				45B2894F21089D2600439499 /* Main.storyboard */,
				45B2895221089D2800439499 /* Assets.xcassets */,
				45B2895421089D2800439499 /* LaunchScreen.storyboard */,
				45B2895721089D2800439499 /* Info.plist */,
			);
			path = login_client_ios;
			sourceTree = "<group>";
		};
		45B289822108A00200439499 /* login_client_cpp */ = {
			isa = PBXGroup;
			children = (
				45B2898B2108A0A200439499 /* crypto.hpp */,
				45B289892108A09700439499 /* crypto_impl.cpp */,
				45B289882108A09700439499 /* crypto_impl.hpp */,
				45B289832108A00200439499 /* main.m */,
			);
			path = login_client_cpp;
			sourceTree = "<group>";
		};
		60AC6DAE60AE9F11169CDEE7 /* Pods */ = {
			isa = PBXGroup;
			children = (
				C4568021E1594E0C76EDDC6E /* Pods-login_client_ios.debug.xcconfig */,
				10B52CE468E7095516F94C19 /* Pods-login_client_ios.release.xcconfig */,
			);
			name = Pods;
			sourceTree = "<group>";
		};
		FC59AF5686DE153D00AC3C7E /* Frameworks */ = {
			isa = PBXGroup;
			children = (
				4EFB8BF08261A251F4FC3DF4 /* libPods-login_client_ios.a */,
			);
			name = Frameworks;
			sourceTree = "<group>";
		};
/* End PBXGroup section */

/* Begin PBXNativeTarget section */
		45B2894521089D2600439499 /* login_client_ios */ = {
			isa = PBXNativeTarget;
			buildConfigurationList = 45B2895C21089D2800439499 /* Build configuration list for PBXNativeTarget "login_client_ios" */;
			buildPhases = (
				A5CFBE6FBC7AFD1ABE64E2CF /* [CP] Check Pods Manifest.lock */,
				45B2894221089D2600439499 /* Sources */,
				45B2894321089D2600439499 /* Frameworks */,
				45B2894421089D2600439499 /* Resources */,
				42E69C3FA3335DECDF935586 /* [CP] Copy Pods Resources */,
			);
			buildRules = (
			);
			dependencies = (
			);
			name = login_client_ios;
			productName = login_client_ios;
			productReference = 45B2894621089D2600439499 /* login_client_ios.app */;
			productType = "com.apple.product-type.application";
		};
		45B289802108A00200439499 /* login_client_cpp */ = {
			isa = PBXNativeTarget;
			buildConfigurationList = 45B289872108A00200439499 /* Build configuration list for PBXNativeTarget "login_client_cpp" */;
			buildPhases = (
				45B2897D2108A00200439499 /* Sources */,
				45B2897E2108A00200439499 /* Frameworks */,
				45B2897F2108A00200439499 /* CopyFiles */,
			);
			buildRules = (
			);
			dependencies = (
			);
			name = login_client_cpp;
			productName = login_client_cpp;
			productReference = 45B289812108A00200439499 /* login_client_cpp */;
			productType = "com.apple.product-type.tool";
		};
/* End PBXNativeTarget section */

/* Begin PBXProject section */
		45B2893E21089D2600439499 /* Project object */ = {
			isa = PBXProject;
			attributes = {
				LastUpgradeCheck = 0940;
				ORGANIZATIONNAME = "jingwei cai";
				TargetAttributes = {
					45B2894521089D2600439499 = {
						CreatedOnToolsVersion = 9.4.1;
					};
					45B289802108A00200439499 = {
						CreatedOnToolsVersion = 9.4.1;
					};
				};
			};
			buildConfigurationList = 45B2894121089D2600439499 /* Build configuration list for PBXProject "login_client_ios" */;
			compatibilityVersion = "Xcode 9.3";
			developmentRegion = en;
			hasScannedForEncodings = 0;
			knownRegions = (
				en,
				Base,
			);
			mainGroup = 45B2893D21089D2600439499;
			productRefGroup = 45B2894721089D2600439499 /* Products */;
			projectDirPath = "";
			projectRoot = "";
			targets = (
				45B2894521089D2600439499 /* login_client_ios */,
				45B289802108A00200439499 /* login_client_cpp */,
			);
		};
/* End PBXProject section */

/* Begin PBXResourcesBuildPhase section */
		45B2894421089D2600439499 /* Resources */ = {
			isa = PBXResourcesBuildPhase;
			buildActionMask = 2147483647;
			files = (
				45B2895621089D2800439499 /* LaunchScreen.storyboard in Resources */,
				45B2895321089D2800439499 /* Assets.xcassets in Resources */,
				45B2895121089D2600439499 /* Main.storyboard in Resources */,
			);
			runOnlyForDeploymentPostprocessing = 0;
		};
/* End PBXResourcesBuildPhase section */

/* Begin PBXShellScriptBuildPhase section */
		42E69C3FA3335DECDF935586 /* [CP] Copy Pods Resources */ = {
			isa = PBXShellScriptBuildPhase;
			buildActionMask = 2147483647;
			files = (
			);
			inputPaths = (
				"${SRCROOT}/Pods/Target Support Files/Pods-login_client_ios/Pods-login_client_ios-resources.sh",
				"${PODS_CONFIGURATION_BUILD_DIR}/gRPC/gRPCCertificates.bundle",
			);
			name = "[CP] Copy Pods Resources";
			outputPaths = (
				"${TARGET_BUILD_DIR}/${UNLOCALIZED_RESOURCES_FOLDER_PATH}/gRPCCertificates.bundle",
			);
			runOnlyForDeploymentPostprocessing = 0;
			shellPath = /bin/sh;
			shellScript = "\"${SRCROOT}/Pods/Target Support Files/Pods-login_client_ios/Pods-login_client_ios-resources.sh\"\n";
			showEnvVarsInLog = 0;
		};
		A5CFBE6FBC7AFD1ABE64E2CF /* [CP] Check Pods Manifest.lock */ = {
			isa = PBXShellScriptBuildPhase;
			buildActionMask = 2147483647;
			files = (
			);
			inputPaths = (
				"${PODS_PODFILE_DIR_PATH}/Podfile.lock",
				"${PODS_ROOT}/Manifest.lock",
			);
			name = "[CP] Check Pods Manifest.lock";
			outputPaths = (
				"$(DERIVED_FILE_DIR)/Pods-login_client_ios-checkManifestLockResult.txt",
			);
			runOnlyForDeploymentPostprocessing = 0;
			shellPath = /bin/sh;
			shellScript = "diff \"${PODS_PODFILE_DIR_PATH}/Podfile.lock\" \"${PODS_ROOT}/Manifest.lock\" > /dev/null\nif [ $? != 0 ] ; then\n    # print error to STDERR\n    echo \"error: The sandbox is not in sync with the Podfile.lock. Run 'pod install' or update your CocoaPods installation.\" >&2\n    exit 1\nfi\n# This output is used by Xcode 'outputs' to avoid re-running this script phase.\necho \"SUCCESS\" > \"${SCRIPT_OUTPUT_FILE_0}\"\n";
			showEnvVarsInLog = 0;
		};
/* End PBXShellScriptBuildPhase section */

/* Begin PBXSourcesBuildPhase section */
		45B2894221089D2600439499 /* Sources */ = {
			isa = PBXSourcesBuildPhase;
			buildActionMask = 2147483647;
			files = (
				45B2896921089DC900439499 /* XLBasePageController.m in Sources */,
				45B2896621089DC900439499 /* main.mm in Sources */,
				45D376452110AA9500AC0EF0 /* DJIProxyCaches.mm in Sources */,
				45B2898D2108A8C100439499 /* crypto_impl.cpp in Sources */,
				45B2894E21089D2600439499 /* ViewController.m in Sources */,
				45B2896821089DC900439499 /* LoginVCViewController.m in Sources */,
				45D376462110AA9500AC0EF0 /* DJIError.mm in Sources */,
				45D3764A2110AAB300AC0EF0 /* LSSCrypto+Private.mm in Sources */,
				45B2894B21089D2600439499 /* AppDelegate.m in Sources */,
				45B2896721089DC900439499 /* RegisterVCViewController.m in Sources */,
			);
			runOnlyForDeploymentPostprocessing = 0;
		};
		45B2897D2108A00200439499 /* Sources */ = {
			isa = PBXSourcesBuildPhase;
			buildActionMask = 2147483647;
			files = (
				45B2898A2108A09700439499 /* crypto_impl.cpp in Sources */,
				45B289842108A00200439499 /* main.m in Sources */,
			);
			runOnlyForDeploymentPostprocessing = 0;
		};
/* End PBXSourcesBuildPhase section */

/* Begin PBXVariantGroup section */
		45B2894F21089D2600439499 /* Main.storyboard */ = {
			isa = PBXVariantGroup;
			children = (
				45B2895021089D2600439499 /* Base */,
			);
			name = Main.storyboard;
			sourceTree = "<group>";
		};
		45B2895421089D2800439499 /* LaunchScreen.storyboard */ = {
			isa = PBXVariantGroup;
			children = (
				45B2895521089D2800439499 /* Base */,
			);
			name = LaunchScreen.storyboard;
			sourceTree = "<group>";
		};
/* End PBXVariantGroup section */

/* Begin XCBuildConfiguration section */
		45B2895A21089D2800439499 /* Debug */ = {
			isa = XCBuildConfiguration;
			buildSettings = {
				ALWAYS_SEARCH_USER_PATHS = NO;
				CLANG_ANALYZER_NONNULL = YES;
				CLANG_ANALYZER_NUMBER_OBJECT_CONVERSION = YES_AGGRESSIVE;
				CLANG_CXX_LANGUAGE_STANDARD = "gnu++14";
				CLANG_CXX_LIBRARY = "libc++";
				CLANG_ENABLE_MODULES = YES;
				CLANG_ENABLE_OBJC_ARC = YES;
				CLANG_ENABLE_OBJC_WEAK = YES;
				CLANG_WARN_BLOCK_CAPTURE_AUTORELEASING = YES;
				CLANG_WARN_BOOL_CONVERSION = YES;
				CLANG_WARN_COMMA = YES;
				CLANG_WARN_CONSTANT_CONVERSION = YES;
				CLANG_WARN_DEPRECATED_OBJC_IMPLEMENTATIONS = YES;
				CLANG_WARN_DIRECT_OBJC_ISA_USAGE = YES_ERROR;
				CLANG_WARN_DOCUMENTATION_COMMENTS = YES;
				CLANG_WARN_EMPTY_BODY = YES;
				CLANG_WARN_ENUM_CONVERSION = YES;
				CLANG_WARN_INFINITE_RECURSION = YES;
				CLANG_WARN_INT_CONVERSION = YES;
				CLANG_WARN_NON_LITERAL_NULL_CONVERSION = YES;
				CLANG_WARN_OBJC_IMPLICIT_RETAIN_SELF = YES;
				CLANG_WARN_OBJC_LITERAL_CONVERSION = YES;
				CLANG_WARN_OBJC_ROOT_CLASS = YES_ERROR;
				CLANG_WARN_RANGE_LOOP_ANALYSIS = YES;
				CLANG_WARN_STRICT_PROTOTYPES = YES;
				CLANG_WARN_SUSPICIOUS_MOVE = YES;
				CLANG_WARN_UNGUARDED_AVAILABILITY = YES_AGGRESSIVE;
				CLANG_WARN_UNREACHABLE_CODE = YES;
				CLANG_WARN__DUPLICATE_METHOD_MATCH = YES;
				CODE_SIGN_IDENTITY = "iPhone Developer";
				COPY_PHASE_STRIP = NO;
				DEBUG_INFORMATION_FORMAT = dwarf;
				ENABLE_STRICT_OBJC_MSGSEND = YES;
				ENABLE_TESTABILITY = YES;
				GCC_C_LANGUAGE_STANDARD = gnu11;
				GCC_DYNAMIC_NO_PIC = NO;
				GCC_NO_COMMON_BLOCKS = YES;
				GCC_OPTIMIZATION_LEVEL = 0;
				GCC_PREPROCESSOR_DEFINITIONS = (
					"DEBUG=1",
					"$(inherited)",
				);
				GCC_WARN_64_TO_32_BIT_CONVERSION = YES;
				GCC_WARN_ABOUT_RETURN_TYPE = YES_ERROR;
				GCC_WARN_UNDECLARED_SELECTOR = YES;
				GCC_WARN_UNINITIALIZED_AUTOS = YES_AGGRESSIVE;
				GCC_WARN_UNUSED_FUNCTION = YES;
				GCC_WARN_UNUSED_VARIABLE = YES;
				IPHONEOS_DEPLOYMENT_TARGET = 11.4;
				MTL_ENABLE_DEBUG_INFO = YES;
				ONLY_ACTIVE_ARCH = YES;
				SDKROOT = iphoneos;
			};
			name = Debug;
		};
		45B2895B21089D2800439499 /* Release */ = {
			isa = XCBuildConfiguration;
			buildSettings = {
				ALWAYS_SEARCH_USER_PATHS = NO;
				CLANG_ANALYZER_NONNULL = YES;
				CLANG_ANALYZER_NUMBER_OBJECT_CONVERSION = YES_AGGRESSIVE;
				CLANG_CXX_LANGUAGE_STANDARD = "gnu++14";
				CLANG_CXX_LIBRARY = "libc++";
				CLANG_ENABLE_MODULES = YES;
				CLANG_ENABLE_OBJC_ARC = YES;
				CLANG_ENABLE_OBJC_WEAK = YES;
				CLANG_WARN_BLOCK_CAPTURE_AUTORELEASING = YES;
				CLANG_WARN_BOOL_CONVERSION = YES;
				CLANG_WARN_COMMA = YES;
				CLANG_WARN_CONSTANT_CONVERSION = YES;
				CLANG_WARN_DEPRECATED_OBJC_IMPLEMENTATIONS = YES;
				CLANG_WARN_DIRECT_OBJC_ISA_USAGE = YES_ERROR;
				CLANG_WARN_DOCUMENTATION_COMMENTS = YES;
				CLANG_WARN_EMPTY_BODY = YES;
				CLANG_WARN_ENUM_CONVERSION = YES;
				CLANG_WARN_INFINITE_RECURSION = YES;
				CLANG_WARN_INT_CONVERSION = YES;
				CLANG_WARN_NON_LITERAL_NULL_CONVERSION = YES;
				CLANG_WARN_OBJC_IMPLICIT_RETAIN_SELF = YES;
				CLANG_WARN_OBJC_LITERAL_CONVERSION = YES;
				CLANG_WARN_OBJC_ROOT_CLASS = YES_ERROR;
				CLANG_WARN_RANGE_LOOP_ANALYSIS = YES;
				CLANG_WARN_STRICT_PROTOTYPES = YES;
				CLANG_WARN_SUSPICIOUS_MOVE = YES;
				CLANG_WARN_UNGUARDED_AVAILABILITY = YES_AGGRESSIVE;
				CLANG_WARN_UNREACHABLE_CODE = YES;
				CLANG_WARN__DUPLICATE_METHOD_MATCH = YES;
				CODE_SIGN_IDENTITY = "iPhone Developer";
				COPY_PHASE_STRIP = NO;
				DEBUG_INFORMATION_FORMAT = "dwarf-with-dsym";
				ENABLE_NS_ASSERTIONS = NO;
				ENABLE_STRICT_OBJC_MSGSEND = YES;
				GCC_C_LANGUAGE_STANDARD = gnu11;
				GCC_NO_COMMON_BLOCKS = YES;
				GCC_WARN_64_TO_32_BIT_CONVERSION = YES;
				GCC_WARN_ABOUT_RETURN_TYPE = YES_ERROR;
				GCC_WARN_UNDECLARED_SELECTOR = YES;
				GCC_WARN_UNINITIALIZED_AUTOS = YES_AGGRESSIVE;
				GCC_WARN_UNUSED_FUNCTION = YES;
				GCC_WARN_UNUSED_VARIABLE = YES;
				IPHONEOS_DEPLOYMENT_TARGET = 11.4;
				MTL_ENABLE_DEBUG_INFO = NO;
				SDKROOT = iphoneos;
				VALIDATE_PRODUCT = YES;
			};
			name = Release;
		};
		45B2895D21089D2800439499 /* Debug */ = {
			isa = XCBuildConfiguration;
			baseConfigurationReference = C4568021E1594E0C76EDDC6E /* Pods-login_client_ios.debug.xcconfig */;
			buildSettings = {
				ASSETCATALOG_COMPILER_APPICON_NAME = AppIcon;
				CODE_SIGN_STYLE = Automatic;
				INFOPLIST_FILE = login_client_ios/Info.plist;
				LD_RUNPATH_SEARCH_PATHS = (
					"$(inherited)",
					"@executable_path/Frameworks",
				);
				PRODUCT_BUNDLE_IDENTIFIER = "jingwei-cai.login-client-ios";
				PRODUCT_NAME = "$(TARGET_NAME)";
				TARGETED_DEVICE_FAMILY = "1,2";
			};
			name = Debug;
		};
		45B2895E21089D2800439499 /* Release */ = {
			isa = XCBuildConfiguration;
			baseConfigurationReference = 10B52CE468E7095516F94C19 /* Pods-login_client_ios.release.xcconfig */;
			buildSettings = {
				ASSETCATALOG_COMPILER_APPICON_NAME = AppIcon;
				CODE_SIGN_STYLE = Automatic;
				INFOPLIST_FILE = login_client_ios/Info.plist;
				LD_RUNPATH_SEARCH_PATHS = (
					"$(inherited)",
					"@executable_path/Frameworks",
				);
				PRODUCT_BUNDLE_IDENTIFIER = "jingwei-cai.login-client-ios";
				PRODUCT_NAME = "$(TARGET_NAME)";
				TARGETED_DEVICE_FAMILY = "1,2";
			};
			name = Release;
		};
		45B289852108A00200439499 /* Debug */ = {
			isa = XCBuildConfiguration;
			buildSettings = {
				CODE_SIGN_IDENTITY = "-";
				CODE_SIGN_STYLE = Automatic;
				MACOSX_DEPLOYMENT_TARGET = 10.13;
				PRODUCT_NAME = "$(TARGET_NAME)";
				SDKROOT = macosx;
			};
			name = Debug;
		};
		45B289862108A00200439499 /* Release */ = {
			isa = XCBuildConfiguration;
			buildSettings = {
				CODE_SIGN_IDENTITY = "-";
				CODE_SIGN_STYLE = Automatic;
				MACOSX_DEPLOYMENT_TARGET = 10.13;
				PRODUCT_NAME = "$(TARGET_NAME)";
				SDKROOT = macosx;
			};
			name = Release;
		};
/* End XCBuildConfiguration section */

/* Begin XCConfigurationList section */
		45B2894121089D2600439499 /* Build configuration list for PBXProject "login_client_ios" */ = {
			isa = XCConfigurationList;
			buildConfigurations = (
				45B2895A21089D2800439499 /* Debug */,
				45B2895B21089D2800439499 /* Release */,
			);
			defaultConfigurationIsVisible = 0;
			defaultConfigurationName = Release;
		};
		45B2895C21089D2800439499 /* Build configuration list for PBXNativeTarget "login_client_ios" */ = {
			isa = XCConfigurationList;
			buildConfigurations = (
				45B2895D21089D2800439499 /* Debug */,
				45B2895E21089D2800439499 /* Release */,
			);
			defaultConfigurationIsVisible = 0;
			defaultConfigurationName = Release;
		};
		45B289872108A00200439499 /* Build configuration list for PBXNativeTarget "login_client_cpp" */ = {
			isa = XCConfigurationList;
			buildConfigurations = (
				45B289852108A00200439499 /* Debug */,
				45B289862108A00200439499 /* Release */,
			);
			defaultConfigurationIsVisible = 0;
			defaultConfigurationName = Release;
		};
/* End XCConfigurationList section */
	};
	rootObject = 45B2893E21089D2600439499 /* Project object */;
}
